
Microsoft Visual Studio Solution File, Format Version 12.00
# Visual Studio Version 16
VisualStudioVersion = 16.0.30611.23
MinimumVisualStudioVersion = 10.0.40219.1
Project("{FAE04EC0-301F-11D3-BF4B-00C04F79EFBC}") = "SPA_ESTER", "SPA_ESTER\SPA_ESTER.csproj", "{8AEDCBD1-F43E-4E31-9AC3-F87DC2A599C9}"
EndProject
Project("{FAE04EC0-301F-11D3-BF4B-00C04F79EFBC}") = "ClassLibrary1", "ClassLibrary1\ClassLibrary1.csproj", "{2312BF29-EB4B-443A-8BB4-43BB02591D62}"
EndProject
Project("{FAE04EC0-301F-11D3-BF4B-00C04F79EFBC}") = "SPA_CLIENTE", "SPA_CLIENTE\SPA_CLIENTE.csproj", "{A7A5AA3E-FE49-4623-831D-15C7136D52E6}"
EndProject
Global
	GlobalSection(SolutionConfigurationPlatforms) = preSolution
		Debug|Any CPU = Debug|Any CPU
		Release|Any CPU = Release|Any CPU
	EndGlobalSection
	GlobalSection(ProjectConfigurationPlatforms) = postSolution
		{8AEDCBD1-F43E-4E31-9AC3-F87DC2A599C9}.Debug|Any CPU.ActiveCfg = Debug|Any CPU
		{8AEDCBD1-F43E-4E31-9AC3-F87DC2A599C9}.Debug|Any CPU.Build.0 = Debug|Any CPU
		{8AEDCBD1-F43E-4E31-9AC3-F87DC2A599C9}.Release|Any CPU.ActiveCfg = Release|Any CPU
		{8AEDCBD1-F43E-4E31-9AC3-F87DC2A599C9}.Release|Any CPU.Build.0 = Release|Any CPU
		{2312BF29-EB4B-443A-8BB4-43BB02591D62}.Debug|Any CPU.ActiveCfg = Debug|Any CPU
		{2312BF29-EB4B-443A-8BB4-43BB02591D62}.Debug|Any CPU.Build.0 = Debug|Any CPU
		{2312BF29-EB4B-443A-8BB4-43BB02591D62}.Release|Any CPU.ActiveCfg = Release|Any CPU
		{2312BF29-EB4B-443A-8BB4-43BB02591D62}.Release|Any CPU.Build.0 = Release|Any CPU
		{A7A5AA3E-FE49-4623-831D-15C7136D52E6}.Debug|Any CPU.ActiveCfg = Debug|Any CPU
		{A7A5AA3E-FE49-4623-831D-15C7136D52E6}.Debug|Any CPU.Build.0 = Debug|Any CPU
		{A7A5AA3E-FE49-4623-831D-15C7136D52E6}.Release|Any CPU.ActiveCfg = Release|Any CPU
		{A7A5AA3E-FE49-4623-831D-15C7136D52E6}.Release|Any CPU.Build.0 = Release|Any CPU
	EndGlobalSection
	GlobalSection(SolutionProperties) = preSolution
		HideSolutionNode = FALSE
	EndGlobalSection
	GlobalSection(ExtensibilityGlobals) = postSolution
		SolutionGuid = {FA09A658-D81F-4045-BB01-C600BCA13A02}
	EndGlobalSection
EndGlobal
